
Microsoft Visual Studio Solution File, Format Version 12.00
# Visual Studio Version 17
VisualStudioVersion = 17.8.34511.84
MinimumVisualStudioVersion = 10.0.40219.1
Project("{9A19103F-16F7-4668-BE54-9A1E7A4F7556}") = "Phase3_RainbowSchoolMarksApi", "RainbowSchoolMarksApi\Phase3_RainbowSchoolMarksApi.csproj", "{DBCD7CBC-BF34-4BB7-86D8-B8724145B0F9}"
EndProject
Global
	GlobalSection(SolutionConfigurationPlatforms) = preSolution
		Debug|Any CPU = Debug|Any CPU
		Release|Any CPU = Release|Any CPU
	EndGlobalSection
	GlobalSection(ProjectConfigurationPlatforms) = postSolution
		{DBCD7CBC-BF34-4BB7-86D8-B8724145B0F9}.Debug|Any CPU.ActiveCfg = Debug|Any CPU
		{DBCD7CBC-BF34-4BB7-86D8-B8724145B0F9}.Debug|Any CPU.Build.0 = Debug|Any CPU
		{DBCD7CBC-BF34-4BB7-86D8-B8724145B0F9}.Release|Any CPU.ActiveCfg = Release|Any CPU
		{DBCD7CBC-BF34-4BB7-86D8-B8724145B0F9}.Release|Any CPU.Build.0 = Release|Any CPU
	EndGlobalSection
	GlobalSection(SolutionProperties) = preSolution
		HideSolutionNode = FALSE
	EndGlobalSection
	GlobalSection(ExtensibilityGlobals) = postSolution
		SolutionGuid = {C5CDAFB2-7A8F-455A-A9B4-6F29BFB9344F}
	EndGlobalSection
EndGlobal
